
Microsoft Visual Studio Solution File, Format Version 12.00
# Visual Studio Version 16
VisualStudioVersion = 16.0.29503.13
MinimumVisualStudioVersion = 10.0.40219.1
Project("{9A19103F-16F7-4668-BE54-9A1E7A4F7556}") = "Biblioteca", "Biblioteca\Biblioteca.csproj", "{654E1A2C-4BE5-43B5-9E59-F6433999F8E4}"
EndProject
Project("{9A19103F-16F7-4668-BE54-9A1E7A4F7556}") = "LibreriaDati", "LibreriaDati\LibreriaDati.csproj", "{B93F8BF3-E949-4C92-BD3C-B72C8451AD50}"
EndProject
Project("{FAE04EC0-301F-11D3-BF4B-00C04F79EFBC}") = "LibreriaServizi", "BibliotecaServices\LibreriaServizi.csproj", "{55F7DBD4-C781-4D59-A2C2-E35A1433E47B}"
EndProject
Global
	GlobalSection(SolutionConfigurationPlatforms) = preSolution
		Debug|Any CPU = Debug|Any CPU
		Release|Any CPU = Release|Any CPU
	EndGlobalSection
	GlobalSection(ProjectConfigurationPlatforms) = postSolution
		{654E1A2C-4BE5-43B5-9E59-F6433999F8E4}.Debug|Any CPU.ActiveCfg = Debug|Any CPU
		{654E1A2C-4BE5-43B5-9E59-F6433999F8E4}.Debug|Any CPU.Build.0 = Debug|Any CPU
		{654E1A2C-4BE5-43B5-9E59-F6433999F8E4}.Release|Any CPU.ActiveCfg = Release|Any CPU
		{654E1A2C-4BE5-43B5-9E59-F6433999F8E4}.Release|Any CPU.Build.0 = Release|Any CPU
		{B93F8BF3-E949-4C92-BD3C-B72C8451AD50}.Debug|Any CPU.ActiveCfg = Debug|Any CPU
		{B93F8BF3-E949-4C92-BD3C-B72C8451AD50}.Debug|Any CPU.Build.0 = Debug|Any CPU
		{B93F8BF3-E949-4C92-BD3C-B72C8451AD50}.Release|Any CPU.ActiveCfg = Release|Any CPU
		{B93F8BF3-E949-4C92-BD3C-B72C8451AD50}.Release|Any CPU.Build.0 = Release|Any CPU
		{55F7DBD4-C781-4D59-A2C2-E35A1433E47B}.Debug|Any CPU.ActiveCfg = Debug|Any CPU
		{55F7DBD4-C781-4D59-A2C2-E35A1433E47B}.Debug|Any CPU.Build.0 = Debug|Any CPU
		{55F7DBD4-C781-4D59-A2C2-E35A1433E47B}.Release|Any CPU.ActiveCfg = Release|Any CPU
		{55F7DBD4-C781-4D59-A2C2-E35A1433E47B}.Release|Any CPU.Build.0 = Release|Any CPU
	EndGlobalSection
	GlobalSection(SolutionProperties) = preSolution
		HideSolutionNode = FALSE
	EndGlobalSection
	GlobalSection(ExtensibilityGlobals) = postSolution
		SolutionGuid = {9ED499CD-902F-4557-95FA-E55EBF9B6101}
	EndGlobalSection
EndGlobal
